
Microsoft Visual Studio Solution File, Format Version 12.00
# Visual Studio Version 17
VisualStudioVersion = 17.8.34330.188
MinimumVisualStudioVersion = 10.0.40219.1
Project("{FAE04EC0-301F-11D3-BF4B-00C04F79EFBC}") = "DemoIdentity", "DemoIdentity.csproj", "{38A6E706-6B4D-4721-AE16-15C6C7940E75}"
EndProject
Project("{FAE04EC0-301F-11D3-BF4B-00C04F79EFBC}") = "DAL", "..\DAL\DAL.csproj", "{FD0CF031-732A-42F0-8443-DB2A514E4D10}"
EndProject
Project("{FAE04EC0-301F-11D3-BF4B-00C04F79EFBC}") = "Bl", "..\Bl\Bl.csproj", "{3A269762-D4A9-45BF-912D-F4A57EF81129}"
EndProject
Global
	GlobalSection(SolutionConfigurationPlatforms) = preSolution
		Debug|Any CPU = Debug|Any CPU
		Release|Any CPU = Release|Any CPU
	EndGlobalSection
	GlobalSection(ProjectConfigurationPlatforms) = postSolution
		{38A6E706-6B4D-4721-AE16-15C6C7940E75}.Debug|Any CPU.ActiveCfg = Debug|Any CPU
		{38A6E706-6B4D-4721-AE16-15C6C7940E75}.Debug|Any CPU.Build.0 = Debug|Any CPU
		{38A6E706-6B4D-4721-AE16-15C6C7940E75}.Release|Any CPU.ActiveCfg = Release|Any CPU
		{38A6E706-6B4D-4721-AE16-15C6C7940E75}.Release|Any CPU.Build.0 = Release|Any CPU
		{FD0CF031-732A-42F0-8443-DB2A514E4D10}.Debug|Any CPU.ActiveCfg = Debug|Any CPU
		{FD0CF031-732A-42F0-8443-DB2A514E4D10}.Debug|Any CPU.Build.0 = Debug|Any CPU
		{FD0CF031-732A-42F0-8443-DB2A514E4D10}.Release|Any CPU.ActiveCfg = Release|Any CPU
		{FD0CF031-732A-42F0-8443-DB2A514E4D10}.Release|Any CPU.Build.0 = Release|Any CPU
		{3A269762-D4A9-45BF-912D-F4A57EF81129}.Debug|Any CPU.ActiveCfg = Debug|Any CPU
		{3A269762-D4A9-45BF-912D-F4A57EF81129}.Debug|Any CPU.Build.0 = Debug|Any CPU
		{3A269762-D4A9-45BF-912D-F4A57EF81129}.Release|Any CPU.ActiveCfg = Release|Any CPU
		{3A269762-D4A9-45BF-912D-F4A57EF81129}.Release|Any CPU.Build.0 = Release|Any CPU
	EndGlobalSection
	GlobalSection(SolutionProperties) = preSolution
		HideSolutionNode = FALSE
	EndGlobalSection
	GlobalSection(ExtensibilityGlobals) = postSolution
		SolutionGuid = {5BF2E744-4D0E-4926-A7F6-2FC8F8BADCC1}
	EndGlobalSection
EndGlobal
